{
  "name": "Diabaide",
  "lockfileVersion": 2,
  "requires": true,
  "packages": {
    "": {
      "dependencies": {
        "vue-barcode-reader": "^1.0.0"
      }
    },
    "node_modules/@zxing/library": {
      "version": "0.15.2",
      "resolved": "https://registry.npmjs.org/@zxing/library/-/library-0.15.2.tgz",
      "integrity": "sha512-J+N88Eyg6eI2SKIk2YIkjjNICbMSqmLZnB3oD1S21Bi3k+Ddg2eKe/nW+Hce4NKAFAZtY1mdDM08Bj9eu87HSg==",
      "dependencies": {
        "ts-custom-error": "^3.0.0"
      },
      "engines": {
        "node": ">= 8.9.0"
      },
      "optionalDependencies": {
        "text-encoding": "^0.7.0"
      }
    },
    "node_modules/text-encoding": {
      "version": "0.7.0",
      "resolved": "https://registry.npmjs.org/text-encoding/-/text-encoding-0.7.0.tgz",
      "integrity": "sha512-oJQ3f1hrOnbRLOcwKz0Liq2IcrvDeZRHXhd9RgLrsT+DjWY/nty1Hi7v3dtkaEYbPYe0mUoOfzRrMwfXXwgPUA==",
      "deprecated": "no longer maintained",
      "optional": true
    },
    "node_modules/ts-custom-error": {
      "version": "3.2.0",
      "resolved": "https://registry.npmjs.org/ts-custom-error/-/ts-custom-error-3.2.0.tgz",
      "integrity": "sha512-cBvC2QjtvJ9JfWLvstVnI45Y46Y5dMxIaG1TDMGAD/R87hpvqFL+7LhvUDhnRCfOnx/xitollFWWvUKKKhbN0A==",
      "engines": {
        "node": ">=8.0.0"
      }
    },
    "node_modules/vue-barcode-reader": {
      "version": "1.0.0",
      "resolved": "https://registry.npmjs.org/vue-barcode-reader/-/vue-barcode-reader-1.0.0.tgz",
      "integrity": "sha512-mZ7Bdw+jpsun5FcnqZ2mAikM7DIwyzkFTNsx5ZNtby3xzDGzyDPsCjIo1wZPkxemRaHmfgDCnZBas04Gw7FhSg==",
      "dependencies": {
        "@zxing/library": "^0.15.1"
      }
    }
  },
  "dependencies": {
    "@zxing/library": {
      "version": "0.15.2",
      "resolved": "https://registry.npmjs.org/@zxing/library/-/library-0.15.2.tgz",
      "integrity": "sha512-J+N88Eyg6eI2SKIk2YIkjjNICbMSqmLZnB3oD1S21Bi3k+Ddg2eKe/nW+Hce4NKAFAZtY1mdDM08Bj9eu87HSg==",
      "requires": {
        "text-encoding": "^0.7.0",
        "ts-custom-error": "^3.0.0"
      }
    },
    "text-encoding": {
      "version": "0.7.0",
      "resolved": "https://registry.npmjs.org/text-encoding/-/text-encoding-0.7.0.tgz",
      "integrity": "sha512-oJQ3f1hrOnbRLOcwKz0Liq2IcrvDeZRHXhd9RgLrsT+DjWY/nty1Hi7v3dtkaEYbPYe0mUoOfzRrMwfXXwgPUA==",
      "optional": true
    },
    "ts-custom-error": {
      "version": "3.2.0",
      "resolved": "https://registry.npmjs.org/ts-custom-error/-/ts-custom-error-3.2.0.tgz",
      "integrity": "sha512-cBvC2QjtvJ9JfWLvstVnI45Y46Y5dMxIaG1TDMGAD/R87hpvqFL+7LhvUDhnRCfOnx/xitollFWWvUKKKhbN0A=="
    },
    "vue-barcode-reader": {
      "version": "1.0.0",
      "resolved": "https://registry.npmjs.org/vue-barcode-reader/-/vue-barcode-reader-1.0.0.tgz",
      "integrity": "sha512-mZ7Bdw+jpsun5FcnqZ2mAikM7DIwyzkFTNsx5ZNtby3xzDGzyDPsCjIo1wZPkxemRaHmfgDCnZBas04Gw7FhSg==",
      "requires": {
        "@zxing/library": "^0.15.1"
      }
    }
  }
}
